// !$*UTF8*$!
{
	archiveVersion = 1;
	classes = {
	};
	objectVersion = 46;
	objects = {

/* Begin PBXBuildFile section */
		8A40F8191E595C6B001D385C /* CloudKit.framework in Frameworks */ = {isa = PBXBuildFile; fileRef = 8A40F8181E595C6B001D385C /* CloudKit.framework */; };
		8A40F8201E5977F1001D385C /* SampleViewController.swift in Sources */ = {isa = PBXBuildFile; fileRef = 8A40F81E1E5977F1001D385C /* SampleViewController.swift */; };
		8A40F8211E5977F1001D385C /* SampleViewController.xib in Resources */ = {isa = PBXBuildFile; fileRef = 8A40F81F1E5977F1001D385C /* SampleViewController.xib */; };
		8A492F501E5873BE008D583A /* AppDelegate.swift in Sources */ = {isa = PBXBuildFile; fileRef = 8A492F4F1E5873BE008D583A /* AppDelegate.swift */; };
		8A492F521E5873BE008D583A /* ViewController.swift in Sources */ = {isa = PBXBuildFile; fileRef = 8A492F511E5873BE008D583A /* ViewController.swift */; };
		8A492F551E5873BE008D583A /* Main.storyboard in Resources */ = {isa = PBXBuildFile; fileRef = 8A492F531E5873BE008D583A /* Main.storyboard */; };
		8A492F571E5873BE008D583A /* Assets.xcassets in Resources */ = {isa = PBXBuildFile; fileRef = 8A492F561E5873BE008D583A /* Assets.xcassets */; };
		8A492F5A1E5873BE008D583A /* LaunchScreen.storyboard in Resources */ = {isa = PBXBuildFile; fileRef = 8A492F581E5873BE008D583A /* LaunchScreen.storyboard */; };
		8A492F651E5873BF008D583A /* NSFileProviderExtensionSampleTests.swift in Sources */ = {isa = PBXBuildFile; fileRef = 8A492F641E5873BF008D583A /* NSFileProviderExtensionSampleTests.swift */; };
		8A492F701E5873BF008D583A /* NSFileProviderExtensionSampleUITests.swift in Sources */ = {isa = PBXBuildFile; fileRef = 8A492F6F1E5873BF008D583A /* NSFileProviderExtensionSampleUITests.swift */; };
/* End PBXBuildFile section */

/* Begin PBXContainerItemProxy section */
		8A492F611E5873BF008D583A /* PBXContainerItemProxy */ = {
			isa = PBXContainerItemProxy;
			containerPortal = 8A492F441E5873BE008D583A /* Project object */;
			proxyType = 1;
			remoteGlobalIDString = 8A492F4B1E5873BE008D583A;
			remoteInfo = NSFileProviderExtensionSample;
		};
		8A492F6C1E5873BF008D583A /* PBXContainerItemProxy */ = {
			isa = PBXContainerItemProxy;
			containerPortal = 8A492F441E5873BE008D583A /* Project object */;
			proxyType = 1;
			remoteGlobalIDString = 8A492F4B1E5873BE008D583A;
			remoteInfo = NSFileProviderExtensionSample;
		};
/* End PBXContainerItemProxy section */

/* Begin PBXFileReference section */
		8A40F8181E595C6B001D385C /* CloudKit.framework */ = {isa = PBXFileReference; lastKnownFileType = wrapper.framework; name = CloudKit.framework; path = System/Library/Frameworks/CloudKit.framework; sourceTree = SDKROOT; };
		8A40F81E1E5977F1001D385C /* SampleViewController.swift */ = {isa = PBXFileReference; fileEncoding = 4; lastKnownFileType = sourcecode.swift; path = SampleViewController.swift; sourceTree = "<group>"; };
		8A40F81F1E5977F1001D385C /* SampleViewController.xib */ = {isa = PBXFileReference; fileEncoding = 4; lastKnownFileType = file.xib; path = SampleViewController.xib; sourceTree = "<group>"; };
		8A492F4C1E5873BE008D583A /* NSFileProviderExtensionSample.app */ = {isa = PBXFileReference; explicitFileType = wrapper.application; includeInIndex = 0; path = NSFileProviderExtensionSample.app; sourceTree = BUILT_PRODUCTS_DIR; };
		8A492F4F1E5873BE008D583A /* AppDelegate.swift */ = {isa = PBXFileReference; lastKnownFileType = sourcecode.swift; path = AppDelegate.swift; sourceTree = "<group>"; };
		8A492F511E5873BE008D583A /* ViewController.swift */ = {isa = PBXFileReference; lastKnownFileType = sourcecode.swift; path = ViewController.swift; sourceTree = "<group>"; };
		8A492F541E5873BE008D583A /* Base */ = {isa = PBXFileReference; lastKnownFileType = file.storyboard; name = Base; path = Base.lproj/Main.storyboard; sourceTree = "<group>"; };
		8A492F561E5873BE008D583A /* Assets.xcassets */ = {isa = PBXFileReference; lastKnownFileType = folder.assetcatalog; path = Assets.xcassets; sourceTree = "<group>"; };
		8A492F591E5873BE008D583A /* Base */ = {isa = PBXFileReference; lastKnownFileType = file.storyboard; name = Base; path = Base.lproj/LaunchScreen.storyboard; sourceTree = "<group>"; };
		8A492F5B1E5873BE008D583A /* Info.plist */ = {isa = PBXFileReference; lastKnownFileType = text.plist.xml; path = Info.plist; sourceTree = "<group>"; };
		8A492F601E5873BF008D583A /* NSFileProviderExtensionSampleTests.xctest */ = {isa = PBXFileReference; explicitFileType = wrapper.cfbundle; includeInIndex = 0; path = NSFileProviderExtensionSampleTests.xctest; sourceTree = BUILT_PRODUCTS_DIR; };
		8A492F641E5873BF008D583A /* NSFileProviderExtensionSampleTests.swift */ = {isa = PBXFileReference; lastKnownFileType = sourcecode.swift; path = NSFileProviderExtensionSampleTests.swift; sourceTree = "<group>"; };
		8A492F661E5873BF008D583A /* Info.plist */ = {isa = PBXFileReference; lastKnownFileType = text.plist.xml; path = Info.plist; sourceTree = "<group>"; };
		8A492F6B1E5873BF008D583A /* NSFileProviderExtensionSampleUITests.xctest */ = {isa = PBXFileReference; explicitFileType = wrapper.cfbundle; includeInIndex = 0; path = NSFileProviderExtensionSampleUITests.xctest; sourceTree = BUILT_PRODUCTS_DIR; };
		8A492F6F1E5873BF008D583A /* NSFileProviderExtensionSampleUITests.swift */ = {isa = PBXFileReference; lastKnownFileType = sourcecode.swift; path = NSFileProviderExtensionSampleUITests.swift; sourceTree = "<group>"; };
		8A492F711E5873BF008D583A /* Info.plist */ = {isa = PBXFileReference; lastKnownFileType = text.plist.xml; path = Info.plist; sourceTree = "<group>"; };
		8A707F831E58B23D00E9C543 /* NSFileProviderExtensionSample.entitlements */ = {isa = PBXFileReference; lastKnownFileType = text.plist.entitlements; path = NSFileProviderExtensionSample.entitlements; sourceTree = "<group>"; };
/* End PBXFileReference section */

/* Begin PBXFrameworksBuildPhase section */
		8A492F491E5873BE008D583A /* Frameworks */ = {
			isa = PBXFrameworksBuildPhase;
			buildActionMask = 2147483647;
			files = (
				8A40F8191E595C6B001D385C /* CloudKit.framework in Frameworks */,
			);
			runOnlyForDeploymentPostprocessing = 0;
		};
		8A492F5D1E5873BF008D583A /* Frameworks */ = {
			isa = PBXFrameworksBuildPhase;
			buildActionMask = 2147483647;
			files = (
			);
			runOnlyForDeploymentPostprocessing = 0;
		};
		8A492F681E5873BF008D583A /* Frameworks */ = {
			isa = PBXFrameworksBuildPhase;
			buildActionMask = 2147483647;
			files = (
			);
			runOnlyForDeploymentPostprocessing = 0;
		};
/* End PBXFrameworksBuildPhase section */

/* Begin PBXGroup section */
		8A492F431E5873BE008D583A = {
			isa = PBXGroup;
			children = (
				8A492F4E1E5873BE008D583A /* NSFileProviderExtensionSample */,
				8A492F631E5873BF008D583A /* NSFileProviderExtensionSampleTests */,
				8A492F6E1E5873BF008D583A /* NSFileProviderExtensionSampleUITests */,
				8A492F4D1E5873BE008D583A /* Products */,
				8A707F7D1E58B00500E9C543 /* Frameworks */,
			);
			sourceTree = "<group>";
		};
		8A492F4D1E5873BE008D583A /* Products */ = {
			isa = PBXGroup;
			children = (
				8A492F4C1E5873BE008D583A /* NSFileProviderExtensionSample.app */,
				8A492F601E5873BF008D583A /* NSFileProviderExtensionSampleTests.xctest */,
				8A492F6B1E5873BF008D583A /* NSFileProviderExtensionSampleUITests.xctest */,
			);
			name = Products;
			sourceTree = "<group>";
		};
		8A492F4E1E5873BE008D583A /* NSFileProviderExtensionSample */ = {
			isa = PBXGroup;
			children = (
				8A707F831E58B23D00E9C543 /* NSFileProviderExtensionSample.entitlements */,
				8A492F4F1E5873BE008D583A /* AppDelegate.swift */,
				8A492F511E5873BE008D583A /* ViewController.swift */,
				8A492F531E5873BE008D583A /* Main.storyboard */,
				8A492F561E5873BE008D583A /* Assets.xcassets */,
				8A492F581E5873BE008D583A /* LaunchScreen.storyboard */,
				8A492F5B1E5873BE008D583A /* Info.plist */,
				8A40F81E1E5977F1001D385C /* SampleViewController.swift */,
				8A40F81F1E5977F1001D385C /* SampleViewController.xib */,
			);
			path = NSFileProviderExtensionSample;
			sourceTree = "<group>";
		};
		8A492F631E5873BF008D583A /* NSFileProviderExtensionSampleTests */ = {
			isa = PBXGroup;
			children = (
				8A492F641E5873BF008D583A /* NSFileProviderExtensionSampleTests.swift */,
				8A492F661E5873BF008D583A /* Info.plist */,
			);
			path = NSFileProviderExtensionSampleTests;
			sourceTree = "<group>";
		};
		8A492F6E1E5873BF008D583A /* NSFileProviderExtensionSampleUITests */ = {
			isa = PBXGroup;
			children = (
				8A492F6F1E5873BF008D583A /* NSFileProviderExtensionSampleUITests.swift */,
				8A492F711E5873BF008D583A /* Info.plist */,
			);
			path = NSFileProviderExtensionSampleUITests;
			sourceTree = "<group>";
		};
		8A707F7D1E58B00500E9C543 /* Frameworks */ = {
			isa = PBXGroup;
			children = (
				8A40F8181E595C6B001D385C /* CloudKit.framework */,
			);
			name = Frameworks;
			sourceTree = "<group>";
		};
/* End PBXGroup section */

/* Begin PBXNativeTarget section */
		8A492F4B1E5873BE008D583A /* NSFileProviderExtensionSample */ = {
			isa = PBXNativeTarget;
			buildConfigurationList = 8A492F741E5873BF008D583A /* Build configuration list for PBXNativeTarget "NSFileProviderExtensionSample" */;
			buildPhases = (
				8A492F481E5873BE008D583A /* Sources */,
				8A492F491E5873BE008D583A /* Frameworks */,
				8A492F4A1E5873BE008D583A /* Resources */,
			);
			buildRules = (
			);
			dependencies = (
			);
			name = NSFileProviderExtensionSample;
			productName = NSFileProviderExtensionSample;
			productReference = 8A492F4C1E5873BE008D583A /* NSFileProviderExtensionSample.app */;
			productType = "com.apple.product-type.application";
		};
		8A492F5F1E5873BF008D583A /* NSFileProviderExtensionSampleTests */ = {
			isa = PBXNativeTarget;
			buildConfigurationList = 8A492F771E5873BF008D583A /* Build configuration list for PBXNativeTarget "NSFileProviderExtensionSampleTests" */;
			buildPhases = (
				8A492F5C1E5873BF008D583A /* Sources */,
				8A492F5D1E5873BF008D583A /* Frameworks */,
				8A492F5E1E5873BF008D583A /* Resources */,
			);
			buildRules = (
			);
			dependencies = (
				8A492F621E5873BF008D583A /* PBXTargetDependency */,
			);
			name = NSFileProviderExtensionSampleTests;
			productName = NSFileProviderExtensionSampleTests;
			productReference = 8A492F601E5873BF008D583A /* NSFileProviderExtensionSampleTests.xctest */;
			productType = "com.apple.product-type.bundle.unit-test";
		};
		8A492F6A1E5873BF008D583A /* NSFileProviderExtensionSampleUITests */ = {
			isa = PBXNativeTarget;
			buildConfigurationList = 8A492F7A1E5873BF008D583A /* Build configuration list for PBXNativeTarget "NSFileProviderExtensionSampleUITests" */;
			buildPhases = (
				8A492F671E5873BF008D583A /* Sources */,
				8A492F681E5873BF008D583A /* Frameworks */,
				8A492F691E5873BF008D583A /* Resources */,
			);
			buildRules = (
			);
			dependencies = (
				8A492F6D1E5873BF008D583A /* PBXTargetDependency */,
			);
			name = NSFileProviderExtensionSampleUITests;
			productName = NSFileProviderExtensionSampleUITests;
			productReference = 8A492F6B1E5873BF008D583A /* NSFileProviderExtensionSampleUITests.xctest */;
			productType = "com.apple.product-type.bundle.ui-testing";
		};
/* End PBXNativeTarget section */

/* Begin PBXProject section */
		8A492F441E5873BE008D583A /* Project object */ = {
			isa = PBXProject;
			attributes = {
				LastSwiftUpdateCheck = 0800;
				LastUpgradeCheck = 0800;
				ORGANIZATIONNAME = kotaro;
				TargetAttributes = {
					8A492F4B1E5873BE008D583A = {
						CreatedOnToolsVersion = 8.0;
						DevelopmentTeam = 2BHKKHMYJJ;
						ProvisioningStyle = Manual;
						SystemCapabilities = {
							com.apple.BackgroundModes = {
								enabled = 0;
							};
							com.apple.InterAppAudio = {
								enabled = 0;
							};
							com.apple.Push = {
								enabled = 0;
							};
							com.apple.iCloud = {
								enabled = 1;
							};
						};
					};
					8A492F5F1E5873BF008D583A = {
						CreatedOnToolsVersion = 8.0;
						DevelopmentTeam = 99X4HGVAVY;
						ProvisioningStyle = Automatic;
						TestTargetID = 8A492F4B1E5873BE008D583A;
					};
					8A492F6A1E5873BF008D583A = {
						CreatedOnToolsVersion = 8.0;
						DevelopmentTeam = 99X4HGVAVY;
						ProvisioningStyle = Automatic;
						TestTargetID = 8A492F4B1E5873BE008D583A;
					};
				};
			};
			buildConfigurationList = 8A492F471E5873BE008D583A /* Build configuration list for PBXProject "NSFileProviderExtensionSample" */;
			compatibilityVersion = "Xcode 3.2";
			developmentRegion = English;
			hasScannedForEncodings = 0;
			knownRegions = (
				en,
				Base,
			);
			mainGroup = 8A492F431E5873BE008D583A;
			productRefGroup = 8A492F4D1E5873BE008D583A /* Products */;
			projectDirPath = "";
			projectRoot = "";
			targets = (
				8A492F4B1E5873BE008D583A /* NSFileProviderExtensionSample */,
				8A492F5F1E5873BF008D583A /* NSFileProviderExtensionSampleTests */,
				8A492F6A1E5873BF008D583A /* NSFileProviderExtensionSampleUITests */,
			);
		};
/* End PBXProject section */

/* Begin PBXResourcesBuildPhase section */
		8A492F4A1E5873BE008D583A /* Resources */ = {
			isa = PBXResourcesBuildPhase;
			buildActionMask = 2147483647;
			files = (
				8A492F5A1E5873BE008D583A /* LaunchScreen.storyboard in Resources */,
				8A492F571E5873BE008D583A /* Assets.xcassets in Resources */,
				8A40F8211E5977F1001D385C /* SampleViewController.xib in Resources */,
				8A492F551E5873BE008D583A /* Main.storyboard in Resources */,
			);
			runOnlyForDeploymentPostprocessing = 0;
		};
		8A492F5E1E5873BF008D583A /* Resources */ = {
			isa = PBXResourcesBuildPhase;
			buildActionMask = 2147483647;
			files = (
			);
			runOnlyForDeploymentPostprocessing = 0;
		};
		8A492F691E5873BF008D583A /* Resources */ = {
			isa = PBXResourcesBuildPhase;
			buildActionMask = 2147483647;
			files = (
			);
			runOnlyForDeploymentPostprocessing = 0;
		};
/* End PBXResourcesBuildPhase section */

/* Begin PBXSourcesBuildPhase section */
		8A492F481E5873BE008D583A /* Sources */ = {
			isa = PBXSourcesBuildPhase;
			buildActionMask = 2147483647;
			files = (
				8A492F521E5873BE008D583A /* ViewController.swift in Sources */,
				8A492F501E5873BE008D583A /* AppDelegate.swift in Sources */,
				8A40F8201E5977F1001D385C /* SampleViewController.swift in Sources */,
			);
			runOnlyForDeploymentPostprocessing = 0;
		};
		8A492F5C1E5873BF008D583A /* Sources */ = {
			isa = PBXSourcesBuildPhase;
			buildActionMask = 2147483647;
			files = (
				8A492F651E5873BF008D583A /* NSFileProviderExtensionSampleTests.swift in Sources */,
			);
			runOnlyForDeploymentPostprocessing = 0;
		};
		8A492F671E5873BF008D583A /* Sources */ = {
			isa = PBXSourcesBuildPhase;
			buildActionMask = 2147483647;
			files = (
				8A492F701E5873BF008D583A /* NSFileProviderExtensionSampleUITests.swift in Sources */,
			);
			runOnlyForDeploymentPostprocessing = 0;
		};
/* End PBXSourcesBuildPhase section */

/* Begin PBXTargetDependency section */
		8A492F621E5873BF008D583A /* PBXTargetDependency */ = {
			isa = PBXTargetDependency;
			target = 8A492F4B1E5873BE008D583A /* NSFileProviderExtensionSample */;
			targetProxy = 8A492F611E5873BF008D583A /* PBXContainerItemProxy */;
		};
		8A492F6D1E5873BF008D583A /* PBXTargetDependency */ = {
			isa = PBXTargetDependency;
			target = 8A492F4B1E5873BE008D583A /* NSFileProviderExtensionSample */;
			targetProxy = 8A492F6C1E5873BF008D583A /* PBXContainerItemProxy */;
		};
/* End PBXTargetDependency section */

/* Begin PBXVariantGroup section */
		8A492F531E5873BE008D583A /* Main.storyboard */ = {
			isa = PBXVariantGroup;
			children = (
				8A492F541E5873BE008D583A /* Base */,
			);
			name = Main.storyboard;
			sourceTree = "<group>";
		};
		8A492F581E5873BE008D583A /* LaunchScreen.storyboard */ = {
			isa = PBXVariantGroup;
			children = (
				8A492F591E5873BE008D583A /* Base */,
			);
			name = LaunchScreen.storyboard;
			sourceTree = "<group>";
		};
/* End PBXVariantGroup section */

/* Begin XCBuildConfiguration section */
		8A492F721E5873BF008D583A /* Debug */ = {
			isa = XCBuildConfiguration;
			buildSettings = {
				ALWAYS_SEARCH_USER_PATHS = NO;
				CLANG_ANALYZER_NONNULL = YES;
				CLANG_CXX_LANGUAGE_STANDARD = "gnu++0x";
				CLANG_CXX_LIBRARY = "libc++";
				CLANG_ENABLE_MODULES = YES;
				CLANG_ENABLE_OBJC_ARC = YES;
				CLANG_WARN_BOOL_CONVERSION = YES;
				CLANG_WARN_CONSTANT_CONVERSION = YES;
				CLANG_WARN_DIRECT_OBJC_ISA_USAGE = YES_ERROR;
				CLANG_WARN_DOCUMENTATION_COMMENTS = YES;
				CLANG_WARN_EMPTY_BODY = YES;
				CLANG_WARN_ENUM_CONVERSION = YES;
				CLANG_WARN_INFINITE_RECURSION = YES;
				CLANG_WARN_INT_CONVERSION = YES;
				CLANG_WARN_OBJC_ROOT_CLASS = YES_ERROR;
				CLANG_WARN_SUSPICIOUS_MOVES = YES;
				CLANG_WARN_UNREACHABLE_CODE = YES;
				CLANG_WARN__DUPLICATE_METHOD_MATCH = YES;
				"CODE_SIGN_IDENTITY[sdk=iphoneos*]" = "iPhone Developer";
				COPY_PHASE_STRIP = NO;
				DEBUG_INFORMATION_FORMAT = dwarf;
				ENABLE_STRICT_OBJC_MSGSEND = YES;
				ENABLE_TESTABILITY = YES;
				GCC_C_LANGUAGE_STANDARD = gnu99;
				GCC_DYNAMIC_NO_PIC = NO;
				GCC_NO_COMMON_BLOCKS = YES;
				GCC_OPTIMIZATION_LEVEL = 0;
				GCC_PREPROCESSOR_DEFINITIONS = (
					"DEBUG=1",
					"$(inherited)",
				);
				GCC_WARN_64_TO_32_BIT_CONVERSION = YES;
				GCC_WARN_ABOUT_RETURN_TYPE = YES_ERROR;
				GCC_WARN_UNDECLARED_SELECTOR = YES;
				GCC_WARN_UNINITIALIZED_AUTOS = YES_AGGRESSIVE;
				GCC_WARN_UNUSED_FUNCTION = YES;
				GCC_WARN_UNUSED_VARIABLE = YES;
				IPHONEOS_DEPLOYMENT_TARGET = 10.0;
				MTL_ENABLE_DEBUG_INFO = YES;
				ONLY_ACTIVE_ARCH = YES;
				SDKROOT = iphoneos;
				SWIFT_ACTIVE_COMPILATION_CONDITIONS = DEBUG;
				SWIFT_OPTIMIZATION_LEVEL = "-Onone";
			};
			name = Debug;
		};
		8A492F731E5873BF008D583A /* Release */ = {
			isa = XCBuildConfiguration;
			buildSettings = {
				ALWAYS_SEARCH_USER_PATHS = NO;
				CLANG_ANALYZER_NONNULL = YES;
				CLANG_CXX_LANGUAGE_STANDARD = "gnu++0x";
				CLANG_CXX_LIBRARY = "libc++";
				CLANG_ENABLE_MODULES = YES;
				CLANG_ENABLE_OBJC_ARC = YES;
				CLANG_WARN_BOOL_CONVERSION = YES;
				CLANG_WARN_CONSTANT_CONVERSION = YES;
				CLANG_WARN_DIRECT_OBJC_ISA_USAGE = YES_ERROR;
				CLANG_WARN_DOCUMENTATION_COMMENTS = YES;
				CLANG_WARN_EMPTY_BODY = YES;
				CLANG_WARN_ENUM_CONVERSION = YES;
				CLANG_WARN_INFINITE_RECURSION = YES;
				CLANG_WARN_INT_CONVERSION = YES;
				CLANG_WARN_OBJC_ROOT_CLASS = YES_ERROR;
				CLANG_WARN_SUSPICIOUS_MOVES = YES;
				CLANG_WARN_UNREACHABLE_CODE = YES;
				CLANG_WARN__DUPLICATE_METHOD_MATCH = YES;
				"CODE_SIGN_IDENTITY[sdk=iphoneos*]" = "iPhone Developer";
				COPY_PHASE_STRIP = NO;
				DEBUG_INFORMATION_FORMAT = "dwarf-with-dsym";
				ENABLE_NS_ASSERTIONS = NO;
				ENABLE_STRICT_OBJC_MSGSEND = YES;
				GCC_C_LANGUAGE_STANDARD = gnu99;
				GCC_NO_COMMON_BLOCKS = YES;
				GCC_WARN_64_TO_32_BIT_CONVERSION = YES;
				GCC_WARN_ABOUT_RETURN_TYPE = YES_ERROR;
				GCC_WARN_UNDECLARED_SELECTOR = YES;
				GCC_WARN_UNINITIALIZED_AUTOS = YES_AGGRESSIVE;
				GCC_WARN_UNUSED_FUNCTION = YES;
				GCC_WARN_UNUSED_VARIABLE = YES;
				IPHONEOS_DEPLOYMENT_TARGET = 10.0;
				MTL_ENABLE_DEBUG_INFO = NO;
				SDKROOT = iphoneos;
				SWIFT_OPTIMIZATION_LEVEL = "-Owholemodule";
				VALIDATE_PRODUCT = YES;
			};
			name = Release;
		};
		8A492F751E5873BF008D583A /* Debug */ = {
			isa = XCBuildConfiguration;
			buildSettings = {
				ASSETCATALOG_COMPILER_APPICON_NAME = AppIcon;
				CODE_SIGN_ENTITLEMENTS = NSFileProviderExtensionSample/NSFileProviderExtensionSample.entitlements;
				DEVELOPMENT_TEAM = 2BHKKHMYJJ;
				INFOPLIST_FILE = NSFileProviderExtensionSample/Info.plist;
				IPHONEOS_DEPLOYMENT_TARGET = 9.3;
				LD_RUNPATH_SEARCH_PATHS = "$(inherited) @executable_path/Frameworks";
				PRODUCT_BUNDLE_IDENTIFIER = NSFileProviderExtensionSample;
				PRODUCT_NAME = "$(TARGET_NAME)";
				PROVISIONING_PROFILE = "5f784f9b-baec-4ca4-a9c1-c0a2134b7a3b";
				PROVISIONING_PROFILE_SPECIFIER = Sample_dev_provisioning;
				SWIFT_VERSION = 3.0;
			};
			name = Debug;
		};
		8A492F761E5873BF008D583A /* Release */ = {
			isa = XCBuildConfiguration;
			buildSettings = {
				ASSETCATALOG_COMPILER_APPICON_NAME = AppIcon;
				CODE_SIGN_ENTITLEMENTS = NSFileProviderExtensionSample/NSFileProviderExtensionSample.entitlements;
				DEVELOPMENT_TEAM = "";
				INFOPLIST_FILE = NSFileProviderExtensionSample/Info.plist;
				IPHONEOS_DEPLOYMENT_TARGET = 9.3;
				LD_RUNPATH_SEARCH_PATHS = "$(inherited) @executable_path/Frameworks";
				PRODUCT_BUNDLE_IDENTIFIER = NSFileProviderExtensionSample;
				PRODUCT_NAME = "$(TARGET_NAME)";
				SWIFT_VERSION = 3.0;
			};
			name = Release;
		};
		8A492F781E5873BF008D583A /* Debug */ = {
			isa = XCBuildConfiguration;
			buildSettings = {
				ALWAYS_EMBED_SWIFT_STANDARD_LIBRARIES = YES;
				BUNDLE_LOADER = "$(TEST_HOST)";
				DEVELOPMENT_TEAM = 99X4HGVAVY;
				INFOPLIST_FILE = NSFileProviderExtensionSampleTests/Info.plist;
				LD_RUNPATH_SEARCH_PATHS = "$(inherited) @executable_path/Frameworks @loader_path/Frameworks";
				PRODUCT_BUNDLE_IDENTIFIER = com.example.NSFileProviderExtensionSampleTests;
				PRODUCT_NAME = "$(TARGET_NAME)";
				SWIFT_VERSION = 3.0;
				TEST_HOST = "$(BUILT_PRODUCTS_DIR)/NSFileProviderExtensionSample.app/NSFileProviderExtensionSample";
			};
			name = Debug;
		};
		8A492F791E5873BF008D583A /* Release */ = {
			isa = XCBuildConfiguration;
			buildSettings = {
				ALWAYS_EMBED_SWIFT_STANDARD_LIBRARIES = YES;
				BUNDLE_LOADER = "$(TEST_HOST)";
				DEVELOPMENT_TEAM = 99X4HGVAVY;
				INFOPLIST_FILE = NSFileProviderExtensionSampleTests/Info.plist;
				LD_RUNPATH_SEARCH_PATHS = "$(inherited) @executable_path/Frameworks @loader_path/Frameworks";
				PRODUCT_BUNDLE_IDENTIFIER = com.example.NSFileProviderExtensionSampleTests;
				PRODUCT_NAME = "$(TARGET_NAME)";
				SWIFT_VERSION = 3.0;
				TEST_HOST = "$(BUILT_PRODUCTS_DIR)/NSFileProviderExtensionSample.app/NSFileProviderExtensionSample";
			};
			name = Release;
		};
		8A492F7B1E5873BF008D583A /* Debug */ = {
			isa = XCBuildConfiguration;
			buildSettings = {
				ALWAYS_EMBED_SWIFT_STANDARD_LIBRARIES = YES;
				DEVELOPMENT_TEAM = 99X4HGVAVY;
				INFOPLIST_FILE = NSFileProviderExtensionSampleUITests/Info.plist;
				LD_RUNPATH_SEARCH_PATHS = "$(inherited) @executable_path/Frameworks @loader_path/Frameworks";
				PRODUCT_BUNDLE_IDENTIFIER = com.example.NSFileProviderExtensionSampleUITests;
				PRODUCT_NAME = "$(TARGET_NAME)";
				SWIFT_VERSION = 3.0;
				TEST_TARGET_NAME = NSFileProviderExtensionSample;
			};
			name = Debug;
		};
		8A492F7C1E5873BF008D583A /* Release */ = {
			isa = XCBuildConfiguration;
			buildSettings = {
				ALWAYS_EMBED_SWIFT_STANDARD_LIBRARIES = YES;
				DEVELOPMENT_TEAM = 99X4HGVAVY;
				INFOPLIST_FILE = NSFileProviderExtensionSampleUITests/Info.plist;
				LD_RUNPATH_SEARCH_PATHS = "$(inherited) @executable_path/Frameworks @loader_path/Frameworks";
				PRODUCT_BUNDLE_IDENTIFIER = com.example.NSFileProviderExtensionSampleUITests;
				PRODUCT_NAME = "$(TARGET_NAME)";
				SWIFT_VERSION = 3.0;
				TEST_TARGET_NAME = NSFileProviderExtensionSample;
			};
			name = Release;
		};
/* End XCBuildConfiguration section */

/* Begin XCConfigurationList section */
		8A492F471E5873BE008D583A /* Build configuration list for PBXProject "NSFileProviderExtensionSample" */ = {
			isa = XCConfigurationList;
			buildConfigurations = (
				8A492F721E5873BF008D583A /* Debug */,
				8A492F731E5873BF008D583A /* Release */,
			);
			defaultConfigurationIsVisible = 0;
			defaultConfigurationName = Release;
		};
		8A492F741E5873BF008D583A /* Build configuration list for PBXNativeTarget "NSFileProviderExtensionSample" */ = {
			isa = XCConfigurationList;
			buildConfigurations = (
				8A492F751E5873BF008D583A /* Debug */,
				8A492F761E5873BF008D583A /* Release */,
			);
			defaultConfigurationIsVisible = 0;
			defaultConfigurationName = Release;
		};
		8A492F771E5873BF008D583A /* Build configuration list for PBXNativeTarget "NSFileProviderExtensionSampleTests" */ = {
			isa = XCConfigurationList;
			buildConfigurations = (
				8A492F781E5873BF008D583A /* Debug */,
				8A492F791E5873BF008D583A /* Release */,
			);
			defaultConfigurationIsVisible = 0;
			defaultConfigurationName = Release;
		};
		8A492F7A1E5873BF008D583A /* Build configuration list for PBXNativeTarget "NSFileProviderExtensionSampleUITests" */ = {
			isa = XCConfigurationList;
			buildConfigurations = (
				8A492F7B1E5873BF008D583A /* Debug */,
				8A492F7C1E5873BF008D583A /* Release */,
			);
			defaultConfigurationIsVisible = 0;
			defaultConfigurationName = Release;
		};
/* End XCConfigurationList section */
	};
	rootObject = 8A492F441E5873BE008D583A /* Project object */;
}
